
Microsoft Visual Studio Solution File, Format Version 12.00
# Visual Studio 15
VisualStudioVersion = 15.0.27130.2036
MinimumVisualStudioVersion = 10.0.40219.1
Project("{FAE04EC0-301F-11D3-BF4B-00C04F79EFBC}") = "StreamEd", "StreamEd\StreamEd.csproj", "{2F17A967-E481-445D-BD73-21143B7295F4}"
EndProject
Project("{FAE04EC0-301F-11D3-BF4B-00C04F79EFBC}") = "TexEd", "TexEd\TexEd.csproj", "{36F8533C-4A0B-49C0-B08B-0A15419F9DCE}"
EndProject
Project("{FAE04EC0-301F-11D3-BF4B-00C04F79EFBC}") = "Common", "Common\Common.csproj", "{6FD41920-62D3-462E-B32E-EB3F76206896}"
EndProject
Project("{FAE04EC0-301F-11D3-BF4B-00C04F79EFBC}") = "SoundEd", "SoundEd\SoundEd.csproj", "{78926D02-4761-418B-A876-5681BC2223F8}"
EndProject
Project("{FAE04EC0-301F-11D3-BF4B-00C04F79EFBC}") = "GeoEd", "GeoEd\GeoEd.csproj", "{2B715A1F-C9EC-42D3-8903-07B44D86929E}"
EndProject
Project("{FAE04EC0-301F-11D3-BF4B-00C04F79EFBC}") = "VltEd", "VltEd\VltEd.csproj", "{E0F53529-CE47-4100-971B-ABAD0B937C0F}"
EndProject
Project("{FAE04EC0-301F-11D3-BF4B-00C04F79EFBC}") = "GlobalEd", "GlobalEd\GlobalEd.csproj", "{36AA30A7-AF6E-49F9-A62D-B7EFE32F9BEE}"
EndProject
Global
	GlobalSection(SolutionConfigurationPlatforms) = preSolution
		Debug|Any CPU = Debug|Any CPU
		Release|Any CPU = Release|Any CPU
	EndGlobalSection
	GlobalSection(ProjectConfigurationPlatforms) = postSolution
		{2F17A967-E481-445D-BD73-21143B7295F4}.Debug|Any CPU.ActiveCfg = Debug|Any CPU
		{2F17A967-E481-445D-BD73-21143B7295F4}.Debug|Any CPU.Build.0 = Debug|Any CPU
		{2F17A967-E481-445D-BD73-21143B7295F4}.Release|Any CPU.ActiveCfg = Release|Any CPU
		{2F17A967-E481-445D-BD73-21143B7295F4}.Release|Any CPU.Build.0 = Release|Any CPU
		{36F8533C-4A0B-49C0-B08B-0A15419F9DCE}.Debug|Any CPU.ActiveCfg = Debug|Any CPU
		{36F8533C-4A0B-49C0-B08B-0A15419F9DCE}.Debug|Any CPU.Build.0 = Debug|Any CPU
		{36F8533C-4A0B-49C0-B08B-0A15419F9DCE}.Release|Any CPU.ActiveCfg = Release|Any CPU
		{36F8533C-4A0B-49C0-B08B-0A15419F9DCE}.Release|Any CPU.Build.0 = Release|Any CPU
		{6FD41920-62D3-462E-B32E-EB3F76206896}.Debug|Any CPU.ActiveCfg = Debug|Any CPU
		{6FD41920-62D3-462E-B32E-EB3F76206896}.Debug|Any CPU.Build.0 = Debug|Any CPU
		{6FD41920-62D3-462E-B32E-EB3F76206896}.Release|Any CPU.ActiveCfg = Release|Any CPU
		{6FD41920-62D3-462E-B32E-EB3F76206896}.Release|Any CPU.Build.0 = Release|Any CPU
		{78926D02-4761-418B-A876-5681BC2223F8}.Debug|Any CPU.ActiveCfg = Debug|Any CPU
		{78926D02-4761-418B-A876-5681BC2223F8}.Debug|Any CPU.Build.0 = Debug|Any CPU
		{78926D02-4761-418B-A876-5681BC2223F8}.Release|Any CPU.ActiveCfg = Release|Any CPU
		{78926D02-4761-418B-A876-5681BC2223F8}.Release|Any CPU.Build.0 = Release|Any CPU
		{2B715A1F-C9EC-42D3-8903-07B44D86929E}.Debug|Any CPU.ActiveCfg = Debug|Any CPU
		{2B715A1F-C9EC-42D3-8903-07B44D86929E}.Debug|Any CPU.Build.0 = Debug|Any CPU
		{2B715A1F-C9EC-42D3-8903-07B44D86929E}.Release|Any CPU.ActiveCfg = Release|Any CPU
		{2B715A1F-C9EC-42D3-8903-07B44D86929E}.Release|Any CPU.Build.0 = Release|Any CPU
		{E0F53529-CE47-4100-971B-ABAD0B937C0F}.Debug|Any CPU.ActiveCfg = Debug|Any CPU
		{E0F53529-CE47-4100-971B-ABAD0B937C0F}.Debug|Any CPU.Build.0 = Debug|Any CPU
		{E0F53529-CE47-4100-971B-ABAD0B937C0F}.Release|Any CPU.ActiveCfg = Release|Any CPU
		{E0F53529-CE47-4100-971B-ABAD0B937C0F}.Release|Any CPU.Build.0 = Release|Any CPU
		{36AA30A7-AF6E-49F9-A62D-B7EFE32F9BEE}.Debug|Any CPU.ActiveCfg = Debug|Any CPU
		{36AA30A7-AF6E-49F9-A62D-B7EFE32F9BEE}.Debug|Any CPU.Build.0 = Debug|Any CPU
		{36AA30A7-AF6E-49F9-A62D-B7EFE32F9BEE}.Release|Any CPU.ActiveCfg = Release|Any CPU
		{36AA30A7-AF6E-49F9-A62D-B7EFE32F9BEE}.Release|Any CPU.Build.0 = Release|Any CPU
	EndGlobalSection
	GlobalSection(SolutionProperties) = preSolution
		HideSolutionNode = FALSE
	EndGlobalSection
	GlobalSection(ExtensibilityGlobals) = postSolution
		SolutionGuid = {2A5B2EAF-B0E4-44EC-BFB1-8D6950A76FC4}
	EndGlobalSection
EndGlobal
