
Microsoft Visual Studio Solution File, Format Version 12.00
# Visual Studio 15
VisualStudioVersion = 15.0.27130.2036
MinimumVisualStudioVersion = 10.0.40219.1
Project("{FAE04EC0-301F-11D3-BF4B-00C04F79EFBC}") = "StreamEd", "StreamEd\StreamEd.csproj", "{2F17A967-E481-445D-BD73-21143B7295F4}"
EndProject
Project("{FAE04EC0-301F-11D3-BF4B-00C04F79EFBC}") = "TexEd", "TexEd\TexEd.csproj", "{36F8533C-4A0B-49C0-B08B-0A15419F9DCE}"
EndProject
Project("{FAE04EC0-301F-11D3-BF4B-00C04F79EFBC}") = "Common", "Common\Common.csproj", "{6FD41920-62D3-462E-B32E-EB3F76206896}"
EndProject
Project("{FAE04EC0-301F-11D3-BF4B-00C04F79EFBC}") = "GeoEd", "GeoEd\GeoEd.csproj", "{2B715A1F-C9EC-42D3-8903-07B44D86929E}"
EndProject
Project("{FAE04EC0-301F-11D3-BF4B-00C04F79EFBC}") = "VltEd", "VltEd\VltEd.csproj", "{E0F53529-CE47-4100-971B-ABAD0B937C0F}"
EndProject
Project("{FAE04EC0-301F-11D3-BF4B-00C04F79EFBC}") = "GlobalEd", "GlobalEd\GlobalEd.csproj", "{36AA30A7-AF6E-49F9-A62D-B7EFE32F9BEE}"
EndProject
Project("{FAE04EC0-301F-11D3-BF4B-00C04F79EFBC}") = "MapEd", "MapEd\MapEd.csproj", "{94DB59F9-12AD-4739-A75F-A3898868075C}"
EndProject
Project("{FAE04EC0-301F-11D3-BF4B-00C04F79EFBC}") = "Hasher", "Hasher\Hasher.csproj", "{C98EA015-B1C1-486B-9F47-F7803A311DBC}"
EndProject
Project("{FAE04EC0-301F-11D3-BF4B-00C04F79EFBC}") = "StreamGen", "StreamGen\StreamGen.csproj", "{59C969FF-9E84-4D77-9485-78F7A4FA37F2}"
EndProject
Project("{FAE04EC0-301F-11D3-BF4B-00C04F79EFBC}") = "ChunkView", "ChunkView\ChunkView.csproj", "{28D87232-2535-451A-A18D-31BC93F3C030}"
EndProject
Project("{FAE04EC0-301F-11D3-BF4B-00C04F79EFBC}") = "AssetDumper", "AssetDumper\AssetDumper.csproj", "{60DFDF76-BBE3-4B5E-9DCE-AE46498216D4}"
EndProject
Project("{FAE04EC0-301F-11D3-BF4B-00C04F79EFBC}") = "FNGExplorer", "FNGExplorer\FNGExplorer.csproj", "{58009C01-2AD4-433E-82D0-65B5CB726047}"
EndProject
Project("{FAE04EC0-301F-11D3-BF4B-00C04F79EFBC}") = "Viewer", "Viewer\Viewer.csproj", "{F83C7766-12F3-4619-B1C9-74C6241FF1FA}"
EndProject
Project("{FAE04EC0-301F-11D3-BF4B-00C04F79EFBC}") = "CarCompiler", "CarCompiler2\CarCompiler.csproj", "{1959C862-34D4-421C-BBAD-26C832ECD730}"
EndProject
Project("{FAE04EC0-301F-11D3-BF4B-00C04F79EFBC}") = "Common.Windows", "Common.Windows\Common.Windows.csproj", "{9052B02B-55E7-4806-9F83-237ACE7A9203}"
EndProject
Project("{FAE04EC0-301F-11D3-BF4B-00C04F79EFBC}") = "CompLib", "CompLib\CompLib.csproj", "{CA59C66F-D136-4899-80D7-964A0E9C7FAC}"
EndProject
Global
	GlobalSection(SolutionConfigurationPlatforms) = preSolution
		Debug|Any CPU = Debug|Any CPU
		Release|Any CPU = Release|Any CPU
	EndGlobalSection
	GlobalSection(ProjectConfigurationPlatforms) = postSolution
		{60DFDF76-BBE3-4B5E-9DCE-AE46498216D4}.Debug|Any CPU.ActiveCfg = Debug|Any CPU
		{60DFDF76-BBE3-4B5E-9DCE-AE46498216D4}.Debug|Any CPU.Build.0 = Debug|Any CPU
		{60DFDF76-BBE3-4B5E-9DCE-AE46498216D4}.Release|Any CPU.ActiveCfg = Release|Any CPU
		{60DFDF76-BBE3-4B5E-9DCE-AE46498216D4}.Release|Any CPU.Build.0 = Release|Any CPU
		{1959C862-34D4-421C-BBAD-26C832ECD730}.Debug|Any CPU.ActiveCfg = Debug|Any CPU
		{1959C862-34D4-421C-BBAD-26C832ECD730}.Debug|Any CPU.Build.0 = Debug|Any CPU
		{1959C862-34D4-421C-BBAD-26C832ECD730}.Release|Any CPU.ActiveCfg = Release|Any CPU
		{1959C862-34D4-421C-BBAD-26C832ECD730}.Release|Any CPU.Build.0 = Release|Any CPU
		{28D87232-2535-451A-A18D-31BC93F3C030}.Debug|Any CPU.ActiveCfg = Debug|Any CPU
		{28D87232-2535-451A-A18D-31BC93F3C030}.Debug|Any CPU.Build.0 = Debug|Any CPU
		{28D87232-2535-451A-A18D-31BC93F3C030}.Release|Any CPU.ActiveCfg = Release|Any CPU
		{28D87232-2535-451A-A18D-31BC93F3C030}.Release|Any CPU.Build.0 = Release|Any CPU
		{6FD41920-62D3-462E-B32E-EB3F76206896}.Debug|Any CPU.ActiveCfg = Debug|Any CPU
		{6FD41920-62D3-462E-B32E-EB3F76206896}.Debug|Any CPU.Build.0 = Debug|Any CPU
		{6FD41920-62D3-462E-B32E-EB3F76206896}.Release|Any CPU.ActiveCfg = Release|Any CPU
		{6FD41920-62D3-462E-B32E-EB3F76206896}.Release|Any CPU.Build.0 = Release|Any CPU
		{9052B02B-55E7-4806-9F83-237ACE7A9203}.Debug|Any CPU.ActiveCfg = Debug|Any CPU
		{9052B02B-55E7-4806-9F83-237ACE7A9203}.Debug|Any CPU.Build.0 = Debug|Any CPU
		{9052B02B-55E7-4806-9F83-237ACE7A9203}.Release|Any CPU.ActiveCfg = Release|Any CPU
		{9052B02B-55E7-4806-9F83-237ACE7A9203}.Release|Any CPU.Build.0 = Release|Any CPU
		{CA59C66F-D136-4899-80D7-964A0E9C7FAC}.Debug|Any CPU.ActiveCfg = Debug|Any CPU
		{CA59C66F-D136-4899-80D7-964A0E9C7FAC}.Debug|Any CPU.Build.0 = Debug|Any CPU
		{CA59C66F-D136-4899-80D7-964A0E9C7FAC}.Release|Any CPU.ActiveCfg = Release|Any CPU
		{CA59C66F-D136-4899-80D7-964A0E9C7FAC}.Release|Any CPU.Build.0 = Release|Any CPU
		{58009C01-2AD4-433E-82D0-65B5CB726047}.Debug|Any CPU.ActiveCfg = Debug|Any CPU
		{58009C01-2AD4-433E-82D0-65B5CB726047}.Debug|Any CPU.Build.0 = Debug|Any CPU
		{58009C01-2AD4-433E-82D0-65B5CB726047}.Release|Any CPU.ActiveCfg = Release|Any CPU
		{58009C01-2AD4-433E-82D0-65B5CB726047}.Release|Any CPU.Build.0 = Release|Any CPU
		{2B715A1F-C9EC-42D3-8903-07B44D86929E}.Debug|Any CPU.ActiveCfg = Debug|Any CPU
		{2B715A1F-C9EC-42D3-8903-07B44D86929E}.Debug|Any CPU.Build.0 = Debug|Any CPU
		{2B715A1F-C9EC-42D3-8903-07B44D86929E}.Release|Any CPU.ActiveCfg = Release|Any CPU
		{2B715A1F-C9EC-42D3-8903-07B44D86929E}.Release|Any CPU.Build.0 = Release|Any CPU
		{36AA30A7-AF6E-49F9-A62D-B7EFE32F9BEE}.Debug|Any CPU.ActiveCfg = Debug|Any CPU
		{36AA30A7-AF6E-49F9-A62D-B7EFE32F9BEE}.Debug|Any CPU.Build.0 = Debug|Any CPU
		{36AA30A7-AF6E-49F9-A62D-B7EFE32F9BEE}.Release|Any CPU.ActiveCfg = Release|Any CPU
		{36AA30A7-AF6E-49F9-A62D-B7EFE32F9BEE}.Release|Any CPU.Build.0 = Release|Any CPU
		{C98EA015-B1C1-486B-9F47-F7803A311DBC}.Debug|Any CPU.ActiveCfg = Debug|Any CPU
		{C98EA015-B1C1-486B-9F47-F7803A311DBC}.Debug|Any CPU.Build.0 = Debug|Any CPU
		{C98EA015-B1C1-486B-9F47-F7803A311DBC}.Release|Any CPU.ActiveCfg = Release|Any CPU
		{C98EA015-B1C1-486B-9F47-F7803A311DBC}.Release|Any CPU.Build.0 = Release|Any CPU
		{94DB59F9-12AD-4739-A75F-A3898868075C}.Debug|Any CPU.ActiveCfg = Debug|Any CPU
		{94DB59F9-12AD-4739-A75F-A3898868075C}.Debug|Any CPU.Build.0 = Debug|Any CPU
		{94DB59F9-12AD-4739-A75F-A3898868075C}.Release|Any CPU.ActiveCfg = Release|Any CPU
		{94DB59F9-12AD-4739-A75F-A3898868075C}.Release|Any CPU.Build.0 = Release|Any CPU
		{2F17A967-E481-445D-BD73-21143B7295F4}.Debug|Any CPU.ActiveCfg = Debug|Any CPU
		{2F17A967-E481-445D-BD73-21143B7295F4}.Debug|Any CPU.Build.0 = Debug|Any CPU
		{2F17A967-E481-445D-BD73-21143B7295F4}.Release|Any CPU.ActiveCfg = Release|Any CPU
		{2F17A967-E481-445D-BD73-21143B7295F4}.Release|Any CPU.Build.0 = Release|Any CPU
		{59C969FF-9E84-4D77-9485-78F7A4FA37F2}.Debug|Any CPU.ActiveCfg = Debug|Any CPU
		{59C969FF-9E84-4D77-9485-78F7A4FA37F2}.Debug|Any CPU.Build.0 = Debug|Any CPU
		{59C969FF-9E84-4D77-9485-78F7A4FA37F2}.Release|Any CPU.ActiveCfg = Release|Any CPU
		{59C969FF-9E84-4D77-9485-78F7A4FA37F2}.Release|Any CPU.Build.0 = Release|Any CPU
		{36F8533C-4A0B-49C0-B08B-0A15419F9DCE}.Debug|Any CPU.ActiveCfg = Debug|Any CPU
		{36F8533C-4A0B-49C0-B08B-0A15419F9DCE}.Debug|Any CPU.Build.0 = Debug|Any CPU
		{36F8533C-4A0B-49C0-B08B-0A15419F9DCE}.Release|Any CPU.ActiveCfg = Release|Any CPU
		{36F8533C-4A0B-49C0-B08B-0A15419F9DCE}.Release|Any CPU.Build.0 = Release|Any CPU
		{F83C7766-12F3-4619-B1C9-74C6241FF1FA}.Debug|Any CPU.ActiveCfg = Debug|Any CPU
		{F83C7766-12F3-4619-B1C9-74C6241FF1FA}.Debug|Any CPU.Build.0 = Debug|Any CPU
		{F83C7766-12F3-4619-B1C9-74C6241FF1FA}.Release|Any CPU.ActiveCfg = Release|Any CPU
		{F83C7766-12F3-4619-B1C9-74C6241FF1FA}.Release|Any CPU.Build.0 = Release|Any CPU
		{E0F53529-CE47-4100-971B-ABAD0B937C0F}.Debug|Any CPU.ActiveCfg = Debug|Any CPU
		{E0F53529-CE47-4100-971B-ABAD0B937C0F}.Debug|Any CPU.Build.0 = Debug|Any CPU
		{E0F53529-CE47-4100-971B-ABAD0B937C0F}.Release|Any CPU.ActiveCfg = Release|Any CPU
		{E0F53529-CE47-4100-971B-ABAD0B937C0F}.Release|Any CPU.Build.0 = Release|Any CPU
	EndGlobalSection
	GlobalSection(SolutionProperties) = preSolution
		HideSolutionNode = FALSE
	EndGlobalSection
	GlobalSection(ExtensibilityGlobals) = postSolution
		SolutionGuid = {2A5B2EAF-B0E4-44EC-BFB1-8D6950A76FC4}
	EndGlobalSection
EndGlobal
